{
  "requires": true,
  "lockfileVersion": 1,
  "dependencies": {
    "express-list-endpoints": {
      "version": "5.0.0",
      "resolved": "https://registry.npmjs.org/express-list-endpoints/-/express-list-endpoints-5.0.0.tgz",
      "integrity": "sha512-bjypzWA7AQ64VNLbQ3GqwDzLxqK1NIHFRJvFDb7wg0S7YwquI8l8XZsmF0yiEA22gN+p+G6+1KDcXxb6Dn3OaA=="
    },
    "express-print-routes": {
      "version": "1.0.0",
      "resolved": "https://registry.npmjs.org/express-print-routes/-/express-print-routes-1.0.0.tgz",
      "integrity": "sha1-2+gFUGnr9rzm2yJSWz/02S7XMO0=",
      "requires": {
        "lodash": "^4.11.1"
      }
    },
    "lodash": {
      "version": "4.17.20",
      "resolved": "https://registry.npmjs.org/lodash/-/lodash-4.17.20.tgz",
      "integrity": "sha512-PlhdFcillOINfeV7Ni6oF1TAEayyZBoZ8bcshTHqOYJYlrqzRK5hagpagky5o4HfCzzd1TRkXPMFq6cKk9rGmA=="
    }
  }
}
